
Microsoft Visual Studio Solution File, Format Version 12.00
# Visual Studio Version 17
VisualStudioVersion = 17.3.32929.385
MinimumVisualStudioVersion = 10.0.40219.1
Project("{FAE04EC0-301F-11D3-BF4B-00C04F79EFBC}") = "Aula78Ex01Listas", "Aula78Ex01Listas\Aula78Ex01Listas.csproj", "{319E1A7C-45EE-48A0-B27A-F4EA737F63F6}"
EndProject
Global
	GlobalSection(SolutionConfigurationPlatforms) = preSolution
		Debug|Any CPU = Debug|Any CPU
		Release|Any CPU = Release|Any CPU
	EndGlobalSection
	GlobalSection(ProjectConfigurationPlatforms) = postSolution
		{319E1A7C-45EE-48A0-B27A-F4EA737F63F6}.Debug|Any CPU.ActiveCfg = Debug|Any CPU
		{319E1A7C-45EE-48A0-B27A-F4EA737F63F6}.Debug|Any CPU.Build.0 = Debug|Any CPU
		{319E1A7C-45EE-48A0-B27A-F4EA737F63F6}.Release|Any CPU.ActiveCfg = Release|Any CPU
		{319E1A7C-45EE-48A0-B27A-F4EA737F63F6}.Release|Any CPU.Build.0 = Release|Any CPU
	EndGlobalSection
	GlobalSection(SolutionProperties) = preSolution
		HideSolutionNode = FALSE
	EndGlobalSection
	GlobalSection(ExtensibilityGlobals) = postSolution
		SolutionGuid = {32F5D290-A1B8-4B40-9953-7221D88B3780}
	EndGlobalSection
EndGlobal
