
Microsoft Visual Studio Solution File, Format Version 12.00
# Visual Studio Version 17
VisualStudioVersion = 17.3.32929.385
MinimumVisualStudioVersion = 10.0.40219.1
Project("{FAE04EC0-301F-11D3-BF4B-00C04F79EFBC}") = "Aula24Ex6EstruturaSequencial", "Aula24Ex6EstruturaSequencial\Aula24Ex6EstruturaSequencial.csproj", "{DEE747C0-BAE2-4CB5-939F-E657B3B4A8EE}"
EndProject
Global
	GlobalSection(SolutionConfigurationPlatforms) = preSolution
		Debug|Any CPU = Debug|Any CPU
		Release|Any CPU = Release|Any CPU
	EndGlobalSection
	GlobalSection(ProjectConfigurationPlatforms) = postSolution
		{DEE747C0-BAE2-4CB5-939F-E657B3B4A8EE}.Debug|Any CPU.ActiveCfg = Debug|Any CPU
		{DEE747C0-BAE2-4CB5-939F-E657B3B4A8EE}.Debug|Any CPU.Build.0 = Debug|Any CPU
		{DEE747C0-BAE2-4CB5-939F-E657B3B4A8EE}.Release|Any CPU.ActiveCfg = Release|Any CPU
		{DEE747C0-BAE2-4CB5-939F-E657B3B4A8EE}.Release|Any CPU.Build.0 = Release|Any CPU
	EndGlobalSection
	GlobalSection(SolutionProperties) = preSolution
		HideSolutionNode = FALSE
	EndGlobalSection
	GlobalSection(ExtensibilityGlobals) = postSolution
		SolutionGuid = {2E381B1B-CC56-4CCA-AAE3-2085C4042A72}
	EndGlobalSection
EndGlobal
