
Microsoft Visual Studio Solution File, Format Version 12.00
# Visual Studio Version 17
VisualStudioVersion = 17.3.32929.385
MinimumVisualStudioVersion = 10.0.40219.1
Project("{FAE04EC0-301F-11D3-BF4B-00C04F79EFBC}") = "Aula35Ex04EstruturaRepetitivaFor", "Aula35Ex04EstruturaRepetitivaFor\Aula35Ex04EstruturaRepetitivaFor.csproj", "{D69EF341-F719-46FE-A040-0706D7457F7D}"
EndProject
Global
	GlobalSection(SolutionConfigurationPlatforms) = preSolution
		Debug|Any CPU = Debug|Any CPU
		Release|Any CPU = Release|Any CPU
	EndGlobalSection
	GlobalSection(ProjectConfigurationPlatforms) = postSolution
		{D69EF341-F719-46FE-A040-0706D7457F7D}.Debug|Any CPU.ActiveCfg = Debug|Any CPU
		{D69EF341-F719-46FE-A040-0706D7457F7D}.Debug|Any CPU.Build.0 = Debug|Any CPU
		{D69EF341-F719-46FE-A040-0706D7457F7D}.Release|Any CPU.ActiveCfg = Release|Any CPU
		{D69EF341-F719-46FE-A040-0706D7457F7D}.Release|Any CPU.Build.0 = Release|Any CPU
	EndGlobalSection
	GlobalSection(SolutionProperties) = preSolution
		HideSolutionNode = FALSE
	EndGlobalSection
	GlobalSection(ExtensibilityGlobals) = postSolution
		SolutionGuid = {C057E16B-F53B-47E9-937F-1428BAFBAA3C}
	EndGlobalSection
EndGlobal
