
Microsoft Visual Studio Solution File, Format Version 12.00
# Visual Studio Version 17
VisualStudioVersion = 17.3.32929.385
MinimumVisualStudioVersion = 10.0.40219.1
Project("{FAE04EC0-301F-11D3-BF4B-00C04F79EFBC}") = "Aula29Ex08EstruturaCondicional", "Aula29Ex08EstruturaCondicional\Aula29Ex08EstruturaCondicional.csproj", "{578215A7-12AD-4DCB-BE6A-ECFC4B255BBB}"
EndProject
Global
	GlobalSection(SolutionConfigurationPlatforms) = preSolution
		Debug|Any CPU = Debug|Any CPU
		Release|Any CPU = Release|Any CPU
	EndGlobalSection
	GlobalSection(ProjectConfigurationPlatforms) = postSolution
		{578215A7-12AD-4DCB-BE6A-ECFC4B255BBB}.Debug|Any CPU.ActiveCfg = Debug|Any CPU
		{578215A7-12AD-4DCB-BE6A-ECFC4B255BBB}.Debug|Any CPU.Build.0 = Debug|Any CPU
		{578215A7-12AD-4DCB-BE6A-ECFC4B255BBB}.Release|Any CPU.ActiveCfg = Release|Any CPU
		{578215A7-12AD-4DCB-BE6A-ECFC4B255BBB}.Release|Any CPU.Build.0 = Release|Any CPU
	EndGlobalSection
	GlobalSection(SolutionProperties) = preSolution
		HideSolutionNode = FALSE
	EndGlobalSection
	GlobalSection(ExtensibilityGlobals) = postSolution
		SolutionGuid = {076ED9C0-0264-49AE-B44A-C47119B10B08}
	EndGlobalSection
EndGlobal
