
Microsoft Visual Studio Solution File, Format Version 12.00
# Visual Studio Version 17
VisualStudioVersion = 17.3.32929.385
MinimumVisualStudioVersion = 10.0.40219.1
Project("{FAE04EC0-301F-11D3-BF4B-00C04F79EFBC}") = "Aula35Ex03EstruturaRepetitivaFor", "Aula35Ex03EstruturaRepetitivaFor\Aula35Ex03EstruturaRepetitivaFor.csproj", "{747D47D2-8A90-42F7-949C-734E7B105454}"
EndProject
Global
	GlobalSection(SolutionConfigurationPlatforms) = preSolution
		Debug|Any CPU = Debug|Any CPU
		Release|Any CPU = Release|Any CPU
	EndGlobalSection
	GlobalSection(ProjectConfigurationPlatforms) = postSolution
		{747D47D2-8A90-42F7-949C-734E7B105454}.Debug|Any CPU.ActiveCfg = Debug|Any CPU
		{747D47D2-8A90-42F7-949C-734E7B105454}.Debug|Any CPU.Build.0 = Debug|Any CPU
		{747D47D2-8A90-42F7-949C-734E7B105454}.Release|Any CPU.ActiveCfg = Release|Any CPU
		{747D47D2-8A90-42F7-949C-734E7B105454}.Release|Any CPU.Build.0 = Release|Any CPU
	EndGlobalSection
	GlobalSection(SolutionProperties) = preSolution
		HideSolutionNode = FALSE
	EndGlobalSection
	GlobalSection(ExtensibilityGlobals) = postSolution
		SolutionGuid = {03B66B7D-F6C5-426F-B4F4-D1F74AEA43DA}
	EndGlobalSection
EndGlobal
