
Microsoft Visual Studio Solution File, Format Version 12.00
# Visual Studio Version 17
VisualStudioVersion = 17.3.32929.385
MinimumVisualStudioVersion = 10.0.40219.1
Project("{FAE04EC0-301F-11D3-BF4B-00C04F79EFBC}") = "Aula40Ex01IntroducaoPOO", "Aula40Ex01IntroducaoPOO\Aula40Ex01IntroducaoPOO.csproj", "{CCF74014-8B8B-4BBD-BAFF-C47D1C58858B}"
EndProject
Global
	GlobalSection(SolutionConfigurationPlatforms) = preSolution
		Debug|Any CPU = Debug|Any CPU
		Release|Any CPU = Release|Any CPU
	EndGlobalSection
	GlobalSection(ProjectConfigurationPlatforms) = postSolution
		{CCF74014-8B8B-4BBD-BAFF-C47D1C58858B}.Debug|Any CPU.ActiveCfg = Debug|Any CPU
		{CCF74014-8B8B-4BBD-BAFF-C47D1C58858B}.Debug|Any CPU.Build.0 = Debug|Any CPU
		{CCF74014-8B8B-4BBD-BAFF-C47D1C58858B}.Release|Any CPU.ActiveCfg = Release|Any CPU
		{CCF74014-8B8B-4BBD-BAFF-C47D1C58858B}.Release|Any CPU.Build.0 = Release|Any CPU
	EndGlobalSection
	GlobalSection(SolutionProperties) = preSolution
		HideSolutionNode = FALSE
	EndGlobalSection
	GlobalSection(ExtensibilityGlobals) = postSolution
		SolutionGuid = {0991EBCF-6D17-45AD-8825-564AE86BBC4B}
	EndGlobalSection
EndGlobal
