
Microsoft Visual Studio Solution File, Format Version 12.00
# Visual Studio Version 17
VisualStudioVersion = 17.3.32929.385
MinimumVisualStudioVersion = 10.0.40219.1
Project("{FAE04EC0-301F-11D3-BF4B-00C04F79EFBC}") = "Aula16TiposDeVariaveis", "Aula16TiposDeVariaveis\Aula16TiposDeVariaveis.csproj", "{066474F2-795C-4C0B-8CEC-C006CDBA1BE0}"
EndProject
Global
	GlobalSection(SolutionConfigurationPlatforms) = preSolution
		Debug|Any CPU = Debug|Any CPU
		Release|Any CPU = Release|Any CPU
	EndGlobalSection
	GlobalSection(ProjectConfigurationPlatforms) = postSolution
		{066474F2-795C-4C0B-8CEC-C006CDBA1BE0}.Debug|Any CPU.ActiveCfg = Debug|Any CPU
		{066474F2-795C-4C0B-8CEC-C006CDBA1BE0}.Debug|Any CPU.Build.0 = Debug|Any CPU
		{066474F2-795C-4C0B-8CEC-C006CDBA1BE0}.Release|Any CPU.ActiveCfg = Release|Any CPU
		{066474F2-795C-4C0B-8CEC-C006CDBA1BE0}.Release|Any CPU.Build.0 = Release|Any CPU
	EndGlobalSection
	GlobalSection(SolutionProperties) = preSolution
		HideSolutionNode = FALSE
	EndGlobalSection
	GlobalSection(ExtensibilityGlobals) = postSolution
		SolutionGuid = {18E7C488-864C-4A97-B970-EFD43A04D3E0}
	EndGlobalSection
EndGlobal
