
Microsoft Visual Studio Solution File, Format Version 12.00
# Visual Studio Version 17
VisualStudioVersion = 17.3.32929.385
MinimumVisualStudioVersion = 10.0.40219.1
Project("{FAE04EC0-301F-11D3-BF4B-00C04F79EFBC}") = "Aula128Ex01Enumeracao", "Aula128Ex01Enumeracao\Aula128Ex01Enumeracao.csproj", "{6C13BA94-A7F6-460F-A7DB-FC1E875D5E7E}"
EndProject
Global
	GlobalSection(SolutionConfigurationPlatforms) = preSolution
		Debug|Any CPU = Debug|Any CPU
		Release|Any CPU = Release|Any CPU
	EndGlobalSection
	GlobalSection(ProjectConfigurationPlatforms) = postSolution
		{6C13BA94-A7F6-460F-A7DB-FC1E875D5E7E}.Debug|Any CPU.ActiveCfg = Debug|Any CPU
		{6C13BA94-A7F6-460F-A7DB-FC1E875D5E7E}.Debug|Any CPU.Build.0 = Debug|Any CPU
		{6C13BA94-A7F6-460F-A7DB-FC1E875D5E7E}.Release|Any CPU.ActiveCfg = Release|Any CPU
		{6C13BA94-A7F6-460F-A7DB-FC1E875D5E7E}.Release|Any CPU.Build.0 = Release|Any CPU
	EndGlobalSection
	GlobalSection(SolutionProperties) = preSolution
		HideSolutionNode = FALSE
	EndGlobalSection
	GlobalSection(ExtensibilityGlobals) = postSolution
		SolutionGuid = {259BBF99-2897-445D-8EF9-1B8C84822EC3}
	EndGlobalSection
EndGlobal
