
Microsoft Visual Studio Solution File, Format Version 12.00
# Visual Studio Version 17
VisualStudioVersion = 17.3.32929.385
MinimumVisualStudioVersion = 10.0.40219.1
Project("{FAE04EC0-301F-11D3-BF4B-00C04F79EFBC}") = "Aula71Ex01Vetores", "Aula71Ex01Vetores\Aula71Ex01Vetores.csproj", "{BAA27BDF-CA1D-47FC-B5D5-367306D1F4B6}"
EndProject
Global
	GlobalSection(SolutionConfigurationPlatforms) = preSolution
		Debug|Any CPU = Debug|Any CPU
		Release|Any CPU = Release|Any CPU
	EndGlobalSection
	GlobalSection(ProjectConfigurationPlatforms) = postSolution
		{BAA27BDF-CA1D-47FC-B5D5-367306D1F4B6}.Debug|Any CPU.ActiveCfg = Debug|Any CPU
		{BAA27BDF-CA1D-47FC-B5D5-367306D1F4B6}.Debug|Any CPU.Build.0 = Debug|Any CPU
		{BAA27BDF-CA1D-47FC-B5D5-367306D1F4B6}.Release|Any CPU.ActiveCfg = Release|Any CPU
		{BAA27BDF-CA1D-47FC-B5D5-367306D1F4B6}.Release|Any CPU.Build.0 = Release|Any CPU
	EndGlobalSection
	GlobalSection(SolutionProperties) = preSolution
		HideSolutionNode = FALSE
	EndGlobalSection
	GlobalSection(ExtensibilityGlobals) = postSolution
		SolutionGuid = {4885F28B-056A-4AB6-8EE8-45FAF4D95B9E}
	EndGlobalSection
EndGlobal
