
Microsoft Visual Studio Solution File, Format Version 12.00
# Visual Studio Version 17
VisualStudioVersion = 17.3.32929.385
MinimumVisualStudioVersion = 10.0.40219.1
Project("{FAE04EC0-301F-11D3-BF4B-00C04F79EFBC}") = "Aula45Ex02ClassesMetodosAtributos", "Aula45Ex02ClassesMetodosAtributos\Aula45Ex02ClassesMetodosAtributos.csproj", "{BFD3AA58-2754-4CF5-970A-D27CBAE5057A}"
EndProject
Global
	GlobalSection(SolutionConfigurationPlatforms) = preSolution
		Debug|Any CPU = Debug|Any CPU
		Release|Any CPU = Release|Any CPU
	EndGlobalSection
	GlobalSection(ProjectConfigurationPlatforms) = postSolution
		{BFD3AA58-2754-4CF5-970A-D27CBAE5057A}.Debug|Any CPU.ActiveCfg = Debug|Any CPU
		{BFD3AA58-2754-4CF5-970A-D27CBAE5057A}.Debug|Any CPU.Build.0 = Debug|Any CPU
		{BFD3AA58-2754-4CF5-970A-D27CBAE5057A}.Release|Any CPU.ActiveCfg = Release|Any CPU
		{BFD3AA58-2754-4CF5-970A-D27CBAE5057A}.Release|Any CPU.Build.0 = Release|Any CPU
	EndGlobalSection
	GlobalSection(SolutionProperties) = preSolution
		HideSolutionNode = FALSE
	EndGlobalSection
	GlobalSection(ExtensibilityGlobals) = postSolution
		SolutionGuid = {418EF32F-D9B5-4ACD-BA16-460E81A0009E}
	EndGlobalSection
EndGlobal
