
Microsoft Visual Studio Solution File, Format Version 12.00
# Visual Studio Version 17
VisualStudioVersion = 17.3.32929.385
MinimumVisualStudioVersion = 10.0.40219.1
Project("{FAE04EC0-301F-11D3-BF4B-00C04F79EFBC}") = "Aula24Ex5EstruturaSequencial", "Aula24Ex5EstruturaSequencial\Aula24Ex5EstruturaSequencial.csproj", "{3158E85E-00B0-42F0-BE9F-4333DFBA985D}"
EndProject
Global
	GlobalSection(SolutionConfigurationPlatforms) = preSolution
		Debug|Any CPU = Debug|Any CPU
		Release|Any CPU = Release|Any CPU
	EndGlobalSection
	GlobalSection(ProjectConfigurationPlatforms) = postSolution
		{3158E85E-00B0-42F0-BE9F-4333DFBA985D}.Debug|Any CPU.ActiveCfg = Debug|Any CPU
		{3158E85E-00B0-42F0-BE9F-4333DFBA985D}.Debug|Any CPU.Build.0 = Debug|Any CPU
		{3158E85E-00B0-42F0-BE9F-4333DFBA985D}.Release|Any CPU.ActiveCfg = Release|Any CPU
		{3158E85E-00B0-42F0-BE9F-4333DFBA985D}.Release|Any CPU.Build.0 = Release|Any CPU
	EndGlobalSection
	GlobalSection(SolutionProperties) = preSolution
		HideSolutionNode = FALSE
	EndGlobalSection
	GlobalSection(ExtensibilityGlobals) = postSolution
		SolutionGuid = {98A3D2DD-BF0F-4F04-9E1B-02EE00D44377}
	EndGlobalSection
EndGlobal
