
Microsoft Visual Studio Solution File, Format Version 12.00
# Visual Studio Version 17
VisualStudioVersion = 17.3.32929.385
MinimumVisualStudioVersion = 10.0.40219.1
Project("{FAE04EC0-301F-11D3-BF4B-00C04F79EFBC}") = "Aula24Ex4EstruturaSequencial", "Aula24Ex4EstruturaSequencial\Aula24Ex4EstruturaSequencial.csproj", "{297B478A-2C15-4FD6-9409-6B144D60EB32}"
EndProject
Global
	GlobalSection(SolutionConfigurationPlatforms) = preSolution
		Debug|Any CPU = Debug|Any CPU
		Release|Any CPU = Release|Any CPU
	EndGlobalSection
	GlobalSection(ProjectConfigurationPlatforms) = postSolution
		{297B478A-2C15-4FD6-9409-6B144D60EB32}.Debug|Any CPU.ActiveCfg = Debug|Any CPU
		{297B478A-2C15-4FD6-9409-6B144D60EB32}.Debug|Any CPU.Build.0 = Debug|Any CPU
		{297B478A-2C15-4FD6-9409-6B144D60EB32}.Release|Any CPU.ActiveCfg = Release|Any CPU
		{297B478A-2C15-4FD6-9409-6B144D60EB32}.Release|Any CPU.Build.0 = Release|Any CPU
	EndGlobalSection
	GlobalSection(SolutionProperties) = preSolution
		HideSolutionNode = FALSE
	EndGlobalSection
	GlobalSection(ExtensibilityGlobals) = postSolution
		SolutionGuid = {17B77B28-139A-4274-97ED-430B60C916A7}
	EndGlobalSection
EndGlobal
