
Microsoft Visual Studio Solution File, Format Version 12.00
# Visual Studio Version 17
VisualStudioVersion = 17.3.32929.385
MinimumVisualStudioVersion = 10.0.40219.1
Project("{FAE04EC0-301F-11D3-BF4B-00C04F79EFBC}") = "Aula35Ex05EstruturaRepetitivaFor", "Aula35Ex05EstruturaRepetitivaFor\Aula35Ex05EstruturaRepetitivaFor.csproj", "{30E6409F-C74C-4584-8AE7-8327375550FB}"
EndProject
Global
	GlobalSection(SolutionConfigurationPlatforms) = preSolution
		Debug|Any CPU = Debug|Any CPU
		Release|Any CPU = Release|Any CPU
	EndGlobalSection
	GlobalSection(ProjectConfigurationPlatforms) = postSolution
		{30E6409F-C74C-4584-8AE7-8327375550FB}.Debug|Any CPU.ActiveCfg = Debug|Any CPU
		{30E6409F-C74C-4584-8AE7-8327375550FB}.Debug|Any CPU.Build.0 = Debug|Any CPU
		{30E6409F-C74C-4584-8AE7-8327375550FB}.Release|Any CPU.ActiveCfg = Release|Any CPU
		{30E6409F-C74C-4584-8AE7-8327375550FB}.Release|Any CPU.Build.0 = Release|Any CPU
	EndGlobalSection
	GlobalSection(SolutionProperties) = preSolution
		HideSolutionNode = FALSE
	EndGlobalSection
	GlobalSection(ExtensibilityGlobals) = postSolution
		SolutionGuid = {9DE97383-EB65-4643-9157-2CE7C37EFEE3}
	EndGlobalSection
EndGlobal
