
Microsoft Visual Studio Solution File, Format Version 12.00
# Visual Studio Version 17
VisualStudioVersion = 17.3.32929.385
MinimumVisualStudioVersion = 10.0.40219.1
Project("{FAE04EC0-301F-11D3-BF4B-00C04F79EFBC}") = "Aula33Ex02EstruturaRepetitivaWhile", "Aula33Ex02EstruturaRepetitivaWhile\Aula33Ex02EstruturaRepetitivaWhile.csproj", "{0C2AD325-7D6E-4A2C-8F20-5ACB306B32D6}"
EndProject
Global
	GlobalSection(SolutionConfigurationPlatforms) = preSolution
		Debug|Any CPU = Debug|Any CPU
		Release|Any CPU = Release|Any CPU
	EndGlobalSection
	GlobalSection(ProjectConfigurationPlatforms) = postSolution
		{0C2AD325-7D6E-4A2C-8F20-5ACB306B32D6}.Debug|Any CPU.ActiveCfg = Debug|Any CPU
		{0C2AD325-7D6E-4A2C-8F20-5ACB306B32D6}.Debug|Any CPU.Build.0 = Debug|Any CPU
		{0C2AD325-7D6E-4A2C-8F20-5ACB306B32D6}.Release|Any CPU.ActiveCfg = Release|Any CPU
		{0C2AD325-7D6E-4A2C-8F20-5ACB306B32D6}.Release|Any CPU.Build.0 = Release|Any CPU
	EndGlobalSection
	GlobalSection(SolutionProperties) = preSolution
		HideSolutionNode = FALSE
	EndGlobalSection
	GlobalSection(ExtensibilityGlobals) = postSolution
		SolutionGuid = {23FCA41A-7592-4FB1-A275-E6C840DCF4D5}
	EndGlobalSection
EndGlobal
