
Microsoft Visual Studio Solution File, Format Version 12.00
# Visual Studio Version 17
VisualStudioVersion = 17.3.32929.385
MinimumVisualStudioVersion = 10.0.40219.1
Project("{FAE04EC0-301F-11D3-BF4B-00C04F79EFBC}") = "Aula81Ex01Matrizes", "Aula81Ex01Matrizes\Aula81Ex01Matrizes.csproj", "{DEAAE43E-4647-4C7F-8693-09C5057FA3F6}"
EndProject
Global
	GlobalSection(SolutionConfigurationPlatforms) = preSolution
		Debug|Any CPU = Debug|Any CPU
		Release|Any CPU = Release|Any CPU
	EndGlobalSection
	GlobalSection(ProjectConfigurationPlatforms) = postSolution
		{DEAAE43E-4647-4C7F-8693-09C5057FA3F6}.Debug|Any CPU.ActiveCfg = Debug|Any CPU
		{DEAAE43E-4647-4C7F-8693-09C5057FA3F6}.Debug|Any CPU.Build.0 = Debug|Any CPU
		{DEAAE43E-4647-4C7F-8693-09C5057FA3F6}.Release|Any CPU.ActiveCfg = Release|Any CPU
		{DEAAE43E-4647-4C7F-8693-09C5057FA3F6}.Release|Any CPU.Build.0 = Release|Any CPU
	EndGlobalSection
	GlobalSection(SolutionProperties) = preSolution
		HideSolutionNode = FALSE
	EndGlobalSection
	GlobalSection(ExtensibilityGlobals) = postSolution
		SolutionGuid = {E2EE83F8-243D-48EC-9420-57A9CAEDF8F5}
	EndGlobalSection
EndGlobal
