
Microsoft Visual Studio Solution File, Format Version 12.00
# Visual Studio Version 17
VisualStudioVersion = 17.3.32929.385
MinimumVisualStudioVersion = 10.0.40219.1
Project("{FAE04EC0-301F-11D3-BF4B-00C04F79EFBC}") = "Aula29Ex05EstruturaCondicional", "Aula29Ex05EstruturaCondicional\Aula29Ex05EstruturaCondicional.csproj", "{5A14A251-1A98-42D5-B750-6DCE4F3431B3}"
EndProject
Global
	GlobalSection(SolutionConfigurationPlatforms) = preSolution
		Debug|Any CPU = Debug|Any CPU
		Release|Any CPU = Release|Any CPU
	EndGlobalSection
	GlobalSection(ProjectConfigurationPlatforms) = postSolution
		{5A14A251-1A98-42D5-B750-6DCE4F3431B3}.Debug|Any CPU.ActiveCfg = Debug|Any CPU
		{5A14A251-1A98-42D5-B750-6DCE4F3431B3}.Debug|Any CPU.Build.0 = Debug|Any CPU
		{5A14A251-1A98-42D5-B750-6DCE4F3431B3}.Release|Any CPU.ActiveCfg = Release|Any CPU
		{5A14A251-1A98-42D5-B750-6DCE4F3431B3}.Release|Any CPU.Build.0 = Release|Any CPU
	EndGlobalSection
	GlobalSection(SolutionProperties) = preSolution
		HideSolutionNode = FALSE
	EndGlobalSection
	GlobalSection(ExtensibilityGlobals) = postSolution
		SolutionGuid = {C7C45BC2-C95A-420B-966A-2CAC1CF4B85A}
	EndGlobalSection
EndGlobal
