
Microsoft Visual Studio Solution File, Format Version 12.00
# Visual Studio Version 17
VisualStudioVersion = 17.3.32929.385
MinimumVisualStudioVersion = 10.0.40219.1
Project("{FAE04EC0-301F-11D3-BF4B-00C04F79EFBC}") = "Aula35Ex02EstruturaRepetitivaFor", "Aula35Ex02EstruturaRepetitivaFor\Aula35Ex02EstruturaRepetitivaFor.csproj", "{A4F67C85-348E-46DF-B722-C48FCB3DA7C4}"
EndProject
Global
	GlobalSection(SolutionConfigurationPlatforms) = preSolution
		Debug|Any CPU = Debug|Any CPU
		Release|Any CPU = Release|Any CPU
	EndGlobalSection
	GlobalSection(ProjectConfigurationPlatforms) = postSolution
		{A4F67C85-348E-46DF-B722-C48FCB3DA7C4}.Debug|Any CPU.ActiveCfg = Debug|Any CPU
		{A4F67C85-348E-46DF-B722-C48FCB3DA7C4}.Debug|Any CPU.Build.0 = Debug|Any CPU
		{A4F67C85-348E-46DF-B722-C48FCB3DA7C4}.Release|Any CPU.ActiveCfg = Release|Any CPU
		{A4F67C85-348E-46DF-B722-C48FCB3DA7C4}.Release|Any CPU.Build.0 = Release|Any CPU
	EndGlobalSection
	GlobalSection(SolutionProperties) = preSolution
		HideSolutionNode = FALSE
	EndGlobalSection
	GlobalSection(ExtensibilityGlobals) = postSolution
		SolutionGuid = {DFCE81B0-5643-49B7-9B4C-21E9BC14E58A}
	EndGlobalSection
EndGlobal
